
Microsoft Visual Studio Solution File, Format Version 12.00
# Visual Studio Version 16
VisualStudioVersion = 16.0.29409.12
MinimumVisualStudioVersion = 10.0.40219.1
Project("{9A19103F-16F7-4668-BE54-9A1E7A4F7556}") = "Videofy", "Videofy\Videofy.csproj", "{8AEE90BE-3415-48CD-938A-EDAA776F55A4}"
EndProject
Global
	GlobalSection(SolutionConfigurationPlatforms) = preSolution
		Debug|Any CPU = Debug|Any CPU
		Release|Any CPU = Release|Any CPU
	EndGlobalSection
	GlobalSection(ProjectConfigurationPlatforms) = postSolution
		{8AEE90BE-3415-48CD-938A-EDAA776F55A4}.Debug|Any CPU.ActiveCfg = Debug|Any CPU
		{8AEE90BE-3415-48CD-938A-EDAA776F55A4}.Debug|Any CPU.Build.0 = Debug|Any CPU
		{8AEE90BE-3415-48CD-938A-EDAA776F55A4}.Release|Any CPU.ActiveCfg = Release|Any CPU
		{8AEE90BE-3415-48CD-938A-EDAA776F55A4}.Release|Any CPU.Build.0 = Release|Any CPU
	EndGlobalSection
	GlobalSection(SolutionProperties) = preSolution
		HideSolutionNode = FALSE
	EndGlobalSection
	GlobalSection(ExtensibilityGlobals) = postSolution
		SolutionGuid = {E9B1873F-7A46-4F3C-BF57-6134C05212D5}
	EndGlobalSection
EndGlobal
